{
    "name": "basic-socket",
    "version": "0.0.1",
    "lockfileVersion": 2,
    "requires": true,
    "packages": {
        "": {
            "name": "basic-socket",
            "version": "0.0.1",
            "dependencies": {
                "serialport": "^9.0.1",
                "socket.io": "^2.4.1"
            }
        },
        "node_modules/@serialport/binding-abstract": {
            "version": "9.2.3",
            "license": "MIT",
            "dependencies": {
                "debug": "^4.3.2"
            },
            "engines": {
                "node": ">=10.0.0"
            },
            "funding": {
                "url": "https://opencollective.com/serialport/donate"
            }
        },
        "node_modules/@serialport/binding-mock": {
            "version": "9.2.4",
            "license": "MIT",
            "dependencies": {
                "@serialport/binding-abstract": "9.2.3",
                "debug": "^4.3.2"
            },
            "engines": {
                "node": ">=10.0.0"
            },
            "funding": {
                "url": "https://opencollective.com/serialport/donate"
            }
        },
        "node_modules/@serialport/bindings": {
            "version": "9.2.5",
            "hasInstallScript": true,
            "license": "MIT",
            "dependencies": {
                "@serialport/binding-abstract": "9.2.3",
                "@serialport/parser-readline": "9.2.4",
                "bindings": "^1.5.0",
                "debug": "^4.3.2",
                "nan": "^2.15.0",
                "prebuild-install": "^6.1.4"
            },
            "engines": {
                "node": ">=10.0.0"
            },
            "funding": {
                "url": "https://opencollective.com/serialport/donate"
            }
        },
        "node_modules/@serialport/parser-byte-length": {
            "version": "9.2.4",
            "license": "MIT",
            "engines": {
                "node": ">=10.0.0"
            },
            "funding": {
                "url": "https://opencollective.com/serialport/donate"
            }
        },
        "node_modules/@serialport/parser-cctalk": {
            "version": "9.2.4",
            "license": "MIT",
            "engines": {
                "node": ">=10.0.0"
            },
            "funding": {
                "url": "https://opencollective.com/serialport/donate"
            }
        },
        "node_modules/@serialport/parser-delimiter": {
            "version": "9.2.4",
            "license": "MIT",
            "engines": {
                "node": ">=10.0.0"
            },
            "funding": {
                "url": "https://opencollective.com/serialport/donate"
            }
        },
        "node_modules/@serialport/parser-inter-byte-timeout": {
            "version": "9.2.4",
            "license": "MIT",
            "engines": {
                "node": ">=10.0.0"
            },
            "funding": {
                "url": "https://opencollective.com/serialport/donate"
            }
        },
        "node_modules/@serialport/parser-readline": {
            "version": "9.2.4",
            "license": "MIT",
            "dependencies": {
                "@serialport/parser-delimiter": "9.2.4"
            },
            "engines": {
                "node": ">=10.0.0"
            },
            "funding": {
                "url": "https://opencollective.com/serialport/donate"
            }
        },
        "node_modules/@serialport/parser-ready": {
            "version": "9.2.4",
            "license": "MIT",
            "engines": {
                "node": ">=10.0.0"
            },
            "funding": {
                "url": "https://opencollective.com/serialport/donate"
            }
        },
        "node_modules/@serialport/parser-regex": {
            "version": "9.2.4",
            "license": "MIT",
            "engines": {
                "node": ">=10.0.0"
            },
            "funding": {
                "url": "https://opencollective.com/serialport/donate"
            }
        },
        "node_modules/@serialport/stream": {
            "version": "9.2.4",
            "license": "MIT",
            "dependencies": {
                "debug": "^4.3.2"
            },
            "engines": {
                "node": ">=10.0.0"
            },
            "funding": {
                "url": "https://opencollective.com/serialport/donate"
            }
        },
        "node_modules/accepts": {
            "version": "1.3.7",
            "license": "MIT",
            "dependencies": {
                "mime-types": "~2.1.24",
                "negotiator": "0.6.2"
            },
            "engines": {
                "node": ">= 0.6"
            }
        },
        "node_modules/after": {
            "version": "0.8.2",
            "license": "MIT"
        },
        "node_modules/ansi-regex": {
            "version": "2.1.1",
            "license": "MIT",
            "engines": {
                "node": ">=0.10.0"
            }
        },
        "node_modules/aproba": {
            "version": "1.2.0",
            "license": "ISC"
        },
        "node_modules/are-we-there-yet": {
            "version": "1.1.7",
            "license": "ISC",
            "dependencies": {
                "delegates": "^1.0.0",
                "readable-stream": "^2.0.6"
            }
        },
        "node_modules/arraybuffer.slice": {
            "version": "0.0.7",
            "license": "MIT"
        },
        "node_modules/backo2": {
            "version": "1.0.2",
            "license": "MIT"
        },
        "node_modules/base64-arraybuffer": {
            "version": "0.1.4",
            "engines": {
                "node": ">= 0.6.0"
            }
        },
        "node_modules/base64-js": {
            "version": "1.5.1",
            "funding": [
                {
                    "type": "github",
                    "url": "https://github.com/sponsors/feross"
                },
                {
                    "type": "patreon",
                    "url": "https://www.patreon.com/feross"
                },
                {
                    "type": "consulting",
                    "url": "https://feross.org/support"
                }
            ],
            "license": "MIT"
        },
        "node_modules/base64id": {
            "version": "2.0.0",
            "license": "MIT",
            "engines": {
                "node": "^4.5.0 || >= 5.9"
            }
        },
        "node_modules/bindings": {
            "version": "1.5.0",
            "license": "MIT",
            "dependencies": {
                "file-uri-to-path": "1.0.0"
            }
        },
        "node_modules/bl": {
            "version": "4.1.0",
            "license": "MIT",
            "dependencies": {
                "buffer": "^5.5.0",
                "inherits": "^2.0.4",
                "readable-stream": "^3.4.0"
            }
        },
        "node_modules/bl/node_modules/readable-stream": {
            "version": "3.6.0",
            "license": "MIT",
            "dependencies": {
                "inherits": "^2.0.3",
                "string_decoder": "^1.1.1",
                "util-deprecate": "^1.0.1"
            },
            "engines": {
                "node": ">= 6"
            }
        },
        "node_modules/blob": {
            "version": "0.0.5",
            "license": "MIT"
        },
        "node_modules/buffer": {
            "version": "5.7.1",
            "funding": [
                {
                    "type": "github",
                    "url": "https://github.com/sponsors/feross"
                },
                {
                    "type": "patreon",
                    "url": "https://www.patreon.com/feross"
                },
                {
                    "type": "consulting",
                    "url": "https://feross.org/support"
                }
            ],
            "license": "MIT",
            "dependencies": {
                "base64-js": "^1.3.1",
                "ieee754": "^1.1.13"
            }
        },
        "node_modules/chownr": {
            "version": "1.1.4",
            "license": "ISC"
        },
        "node_modules/code-point-at": {
            "version": "1.1.0",
            "license": "MIT",
            "engines": {
                "node": ">=0.10.0"
            }
        },
        "node_modules/component-bind": {
            "version": "1.0.0"
        },
        "node_modules/component-emitter": {
            "version": "1.3.0",
            "license": "MIT"
        },
        "node_modules/component-inherit": {
            "version": "0.0.3"
        },
        "node_modules/console-control-strings": {
            "version": "1.1.0",
            "license": "ISC"
        },
        "node_modules/cookie": {
            "version": "0.4.1",
            "license": "MIT",
            "engines": {
                "node": ">= 0.6"
            }
        },
        "node_modules/core-util-is": {
            "version": "1.0.3",
            "license": "MIT"
        },
        "node_modules/debug": {
            "version": "4.3.2",
            "license": "MIT",
            "dependencies": {
                "ms": "2.1.2"
            },
            "engines": {
                "node": ">=6.0"
            },
            "peerDependenciesMeta": {
                "supports-color": {
                    "optional": true
                }
            }
        },
        "node_modules/decompress-response": {
            "version": "4.2.1",
            "license": "MIT",
            "dependencies": {
                "mimic-response": "^2.0.0"
            },
            "engines": {
                "node": ">=8"
            }
        },
        "node_modules/deep-extend": {
            "version": "0.6.0",
            "license": "MIT",
            "engines": {
                "node": ">=4.0.0"
            }
        },
        "node_modules/delegates": {
            "version": "1.0.0",
            "license": "MIT"
        },
        "node_modules/detect-libc": {
            "version": "1.0.3",
            "license": "Apache-2.0",
            "bin": {
                "detect-libc": "bin/detect-libc.js"
            },
            "engines": {
                "node": ">=0.10"
            }
        },
        "node_modules/end-of-stream": {
            "version": "1.4.4",
            "license": "MIT",
            "dependencies": {
                "once": "^1.4.0"
            }
        },
        "node_modules/engine.io": {
            "version": "3.5.0",
            "license": "MIT",
            "dependencies": {
                "accepts": "~1.3.4",
                "base64id": "2.0.0",
                "cookie": "~0.4.1",
                "debug": "~4.1.0",
                "engine.io-parser": "~2.2.0",
                "ws": "~7.4.2"
            },
            "engines": {
                "node": ">=8.0.0"
            }
        },
        "node_modules/engine.io-client": {
            "version": "3.5.2",
            "license": "MIT",
            "dependencies": {
                "component-emitter": "~1.3.0",
                "component-inherit": "0.0.3",
                "debug": "~3.1.0",
                "engine.io-parser": "~2.2.0",
                "has-cors": "1.1.0",
                "indexof": "0.0.1",
                "parseqs": "0.0.6",
                "parseuri": "0.0.6",
                "ws": "~7.4.2",
                "xmlhttprequest-ssl": "~1.6.2",
                "yeast": "0.1.2"
            }
        },
        "node_modules/engine.io-client/node_modules/debug": {
            "version": "3.1.0",
            "license": "MIT",
            "dependencies": {
                "ms": "2.0.0"
            }
        },
        "node_modules/engine.io-client/node_modules/ms": {
            "version": "2.0.0",
            "license": "MIT"
        },
        "node_modules/engine.io-parser": {
            "version": "2.2.1",
            "license": "MIT",
            "dependencies": {
                "after": "0.8.2",
                "arraybuffer.slice": "~0.0.7",
                "base64-arraybuffer": "0.1.4",
                "blob": "0.0.5",
                "has-binary2": "~1.0.2"
            }
        },
        "node_modules/engine.io/node_modules/debug": {
            "version": "4.1.1",
            "license": "MIT",
            "dependencies": {
                "ms": "^2.1.1"
            }
        },
        "node_modules/expand-template": {
            "version": "2.0.3",
            "license": "(MIT OR WTFPL)",
            "engines": {
                "node": ">=6"
            }
        },
        "node_modules/file-uri-to-path": {
            "version": "1.0.0",
            "license": "MIT"
        },
        "node_modules/fs-constants": {
            "version": "1.0.0",
            "license": "MIT"
        },
        "node_modules/gauge": {
            "version": "2.7.4",
            "license": "ISC",
            "dependencies": {
                "aproba": "^1.0.3",
                "console-control-strings": "^1.0.0",
                "has-unicode": "^2.0.0",
                "object-assign": "^4.1.0",
                "signal-exit": "^3.0.0",
                "string-width": "^1.0.1",
                "strip-ansi": "^3.0.1",
                "wide-align": "^1.1.0"
            }
        },
        "node_modules/github-from-package": {
            "version": "0.0.0",
            "license": "MIT"
        },
        "node_modules/has-binary2": {
            "version": "1.0.3",
            "license": "MIT",
            "dependencies": {
                "isarray": "2.0.1"
            }
        },
        "node_modules/has-binary2/node_modules/isarray": {
            "version": "2.0.1",
            "license": "MIT"
        },
        "node_modules/has-cors": {
            "version": "1.1.0",
            "license": "MIT"
        },
        "node_modules/has-unicode": {
            "version": "2.0.1",
            "license": "ISC"
        },
        "node_modules/ieee754": {
            "version": "1.2.1",
            "funding": [
                {
                    "type": "github",
                    "url": "https://github.com/sponsors/feross"
                },
                {
                    "type": "patreon",
                    "url": "https://www.patreon.com/feross"
                },
                {
                    "type": "consulting",
                    "url": "https://feross.org/support"
                }
            ],
            "license": "BSD-3-Clause"
        },
        "node_modules/indexof": {
            "version": "0.0.1"
        },
        "node_modules/inherits": {
            "version": "2.0.4",
            "license": "ISC"
        },
        "node_modules/ini": {
            "version": "1.3.8",
            "license": "ISC"
        },
        "node_modules/is-fullwidth-code-point": {
            "version": "1.0.0",
            "license": "MIT",
            "dependencies": {
                "number-is-nan": "^1.0.0"
            },
            "engines": {
                "node": ">=0.10.0"
            }
        },
        "node_modules/isarray": {
            "version": "1.0.0",
            "license": "MIT"
        },
        "node_modules/mime-db": {
            "version": "1.51.0",
            "license": "MIT",
            "engines": {
                "node": ">= 0.6"
            }
        },
        "node_modules/mime-types": {
            "version": "2.1.34",
            "license": "MIT",
            "dependencies": {
                "mime-db": "1.51.0"
            },
            "engines": {
                "node": ">= 0.6"
            }
        },
        "node_modules/mimic-response": {
            "version": "2.1.0",
            "license": "MIT",
            "engines": {
                "node": ">=8"
            },
            "funding": {
                "url": "https://github.com/sponsors/sindresorhus"
            }
        },
        "node_modules/minimist": {
            "version": "1.2.5",
            "license": "MIT"
        },
        "node_modules/mkdirp-classic": {
            "version": "0.5.3",
            "license": "MIT"
        },
        "node_modules/ms": {
            "version": "2.1.2",
            "license": "MIT"
        },
        "node_modules/nan": {
            "version": "2.15.0",
            "license": "MIT"
        },
        "node_modules/napi-build-utils": {
            "version": "1.0.2",
            "license": "MIT"
        },
        "node_modules/negotiator": {
            "version": "0.6.2",
            "license": "MIT",
            "engines": {
                "node": ">= 0.6"
            }
        },
        "node_modules/node-abi": {
            "version": "2.30.1",
            "license": "MIT",
            "dependencies": {
                "semver": "^5.4.1"
            }
        },
        "node_modules/npmlog": {
            "version": "4.1.2",
            "license": "ISC",
            "dependencies": {
                "are-we-there-yet": "~1.1.2",
                "console-control-strings": "~1.1.0",
                "gauge": "~2.7.3",
                "set-blocking": "~2.0.0"
            }
        },
        "node_modules/number-is-nan": {
            "version": "1.0.1",
            "license": "MIT",
            "engines": {
                "node": ">=0.10.0"
            }
        },
        "node_modules/object-assign": {
            "version": "4.1.1",
            "license": "MIT",
            "engines": {
                "node": ">=0.10.0"
            }
        },
        "node_modules/once": {
            "version": "1.4.0",
            "license": "ISC",
            "dependencies": {
                "wrappy": "1"
            }
        },
        "node_modules/parseqs": {
            "version": "0.0.6",
            "license": "MIT"
        },
        "node_modules/parseuri": {
            "version": "0.0.6",
            "license": "MIT"
        },
        "node_modules/prebuild-install": {
            "version": "6.1.4",
            "license": "MIT",
            "dependencies": {
                "detect-libc": "^1.0.3",
                "expand-template": "^2.0.3",
                "github-from-package": "0.0.0",
                "minimist": "^1.2.3",
                "mkdirp-classic": "^0.5.3",
                "napi-build-utils": "^1.0.1",
                "node-abi": "^2.21.0",
                "npmlog": "^4.0.1",
                "pump": "^3.0.0",
                "rc": "^1.2.7",
                "simple-get": "^3.0.3",
                "tar-fs": "^2.0.0",
                "tunnel-agent": "^0.6.0"
            },
            "bin": {
                "prebuild-install": "bin.js"
            },
            "engines": {
                "node": ">=6"
            }
        },
        "node_modules/process-nextick-args": {
            "version": "2.0.1",
            "license": "MIT"
        },
        "node_modules/pump": {
            "version": "3.0.0",
            "license": "MIT",
            "dependencies": {
                "end-of-stream": "^1.1.0",
                "once": "^1.3.1"
            }
        },
        "node_modules/rc": {
            "version": "1.2.8",
            "license": "(BSD-2-Clause OR MIT OR Apache-2.0)",
            "dependencies": {
                "deep-extend": "^0.6.0",
                "ini": "~1.3.0",
                "minimist": "^1.2.0",
                "strip-json-comments": "~2.0.1"
            },
            "bin": {
                "rc": "cli.js"
            }
        },
        "node_modules/readable-stream": {
            "version": "2.3.7",
            "license": "MIT",
            "dependencies": {
                "core-util-is": "~1.0.0",
                "inherits": "~2.0.3",
                "isarray": "~1.0.0",
                "process-nextick-args": "~2.0.0",
                "safe-buffer": "~5.1.1",
                "string_decoder": "~1.1.1",
                "util-deprecate": "~1.0.1"
            }
        },
        "node_modules/safe-buffer": {
            "version": "5.1.2",
            "license": "MIT"
        },
        "node_modules/semver": {
            "version": "5.7.1",
            "license": "ISC",
            "bin": {
                "semver": "bin/semver"
            }
        },
        "node_modules/serialport": {
            "version": "9.2.5",
            "license": "MIT",
            "dependencies": {
                "@serialport/binding-mock": "9.2.4",
                "@serialport/bindings": "9.2.5",
                "@serialport/parser-byte-length": "9.2.4",
                "@serialport/parser-cctalk": "9.2.4",
                "@serialport/parser-delimiter": "9.2.4",
                "@serialport/parser-inter-byte-timeout": "9.2.4",
                "@serialport/parser-readline": "9.2.4",
                "@serialport/parser-ready": "9.2.4",
                "@serialport/parser-regex": "9.2.4",
                "@serialport/stream": "9.2.4",
                "debug": "^4.3.2"
            },
            "engines": {
                "node": ">=10.0.0"
            },
            "funding": {
                "url": "https://opencollective.com/serialport/donate"
            }
        },
        "node_modules/set-blocking": {
            "version": "2.0.0",
            "license": "ISC"
        },
        "node_modules/signal-exit": {
            "version": "3.0.5",
            "license": "ISC"
        },
        "node_modules/simple-concat": {
            "version": "1.0.1",
            "funding": [
                {
                    "type": "github",
                    "url": "https://github.com/sponsors/feross"
                },
                {
                    "type": "patreon",
                    "url": "https://www.patreon.com/feross"
                },
                {
                    "type": "consulting",
                    "url": "https://feross.org/support"
                }
            ],
            "license": "MIT"
        },
        "node_modules/simple-get": {
            "version": "3.1.0",
            "license": "MIT",
            "dependencies": {
                "decompress-response": "^4.2.0",
                "once": "^1.3.1",
                "simple-concat": "^1.0.0"
            }
        },
        "node_modules/socket.io": {
            "version": "2.4.1",
            "resolved": "https://registry.npmjs.org/socket.io/-/socket.io-2.4.1.tgz",
            "integrity": "sha512-Si18v0mMXGAqLqCVpTxBa8MGqriHGQh8ccEOhmsmNS3thNCGBwO8WGrwMibANsWtQQ5NStdZwHqZR3naJVFc3w==",
            "dependencies": {
                "debug": "~4.1.0",
                "engine.io": "~3.5.0",
                "has-binary2": "~1.0.2",
                "socket.io-adapter": "~1.1.0",
                "socket.io-client": "2.4.0",
                "socket.io-parser": "~3.4.0"
            }
        },
        "node_modules/socket.io-adapter": {
            "version": "1.1.2",
            "license": "MIT"
        },
        "node_modules/socket.io-client": {
            "version": "2.4.0",
            "license": "MIT",
            "dependencies": {
                "backo2": "1.0.2",
                "component-bind": "1.0.0",
                "component-emitter": "~1.3.0",
                "debug": "~3.1.0",
                "engine.io-client": "~3.5.0",
                "has-binary2": "~1.0.2",
                "indexof": "0.0.1",
                "parseqs": "0.0.6",
                "parseuri": "0.0.6",
                "socket.io-parser": "~3.3.0",
                "to-array": "0.1.4"
            }
        },
        "node_modules/socket.io-client/node_modules/debug": {
            "version": "3.1.0",
            "license": "MIT",
            "dependencies": {
                "ms": "2.0.0"
            }
        },
        "node_modules/socket.io-client/node_modules/isarray": {
            "version": "2.0.1",
            "license": "MIT"
        },
        "node_modules/socket.io-client/node_modules/ms": {
            "version": "2.0.0",
            "license": "MIT"
        },
        "node_modules/socket.io-client/node_modules/socket.io-parser": {
            "version": "3.3.2",
            "license": "MIT",
            "dependencies": {
                "component-emitter": "~1.3.0",
                "debug": "~3.1.0",
                "isarray": "2.0.1"
            }
        },
        "node_modules/socket.io-parser": {
            "version": "3.4.1",
            "license": "MIT",
            "dependencies": {
                "component-emitter": "1.2.1",
                "debug": "~4.1.0",
                "isarray": "2.0.1"
            }
        },
        "node_modules/socket.io-parser/node_modules/component-emitter": {
            "version": "1.2.1",
            "license": "MIT"
        },
        "node_modules/socket.io-parser/node_modules/debug": {
            "version": "4.1.1",
            "license": "MIT",
            "dependencies": {
                "ms": "^2.1.1"
            }
        },
        "node_modules/socket.io-parser/node_modules/isarray": {
            "version": "2.0.1",
            "license": "MIT"
        },
        "node_modules/socket.io/node_modules/debug": {
            "version": "4.1.1",
            "license": "MIT",
            "dependencies": {
                "ms": "^2.1.1"
            }
        },
        "node_modules/string_decoder": {
            "version": "1.1.1",
            "license": "MIT",
            "dependencies": {
                "safe-buffer": "~5.1.0"
            }
        },
        "node_modules/string-width": {
            "version": "1.0.2",
            "license": "MIT",
            "dependencies": {
                "code-point-at": "^1.0.0",
                "is-fullwidth-code-point": "^1.0.0",
                "strip-ansi": "^3.0.0"
            },
            "engines": {
                "node": ">=0.10.0"
            }
        },
        "node_modules/strip-ansi": {
            "version": "3.0.1",
            "license": "MIT",
            "dependencies": {
                "ansi-regex": "^2.0.0"
            },
            "engines": {
                "node": ">=0.10.0"
            }
        },
        "node_modules/strip-json-comments": {
            "version": "2.0.1",
            "license": "MIT",
            "engines": {
                "node": ">=0.10.0"
            }
        },
        "node_modules/tar-fs": {
            "version": "2.1.1",
            "license": "MIT",
            "dependencies": {
                "chownr": "^1.1.1",
                "mkdirp-classic": "^0.5.2",
                "pump": "^3.0.0",
                "tar-stream": "^2.1.4"
            }
        },
        "node_modules/tar-stream": {
            "version": "2.2.0",
            "license": "MIT",
            "dependencies": {
                "bl": "^4.0.3",
                "end-of-stream": "^1.4.1",
                "fs-constants": "^1.0.0",
                "inherits": "^2.0.3",
                "readable-stream": "^3.1.1"
            },
            "engines": {
                "node": ">=6"
            }
        },
        "node_modules/tar-stream/node_modules/readable-stream": {
            "version": "3.6.0",
            "license": "MIT",
            "dependencies": {
                "inherits": "^2.0.3",
                "string_decoder": "^1.1.1",
                "util-deprecate": "^1.0.1"
            },
            "engines": {
                "node": ">= 6"
            }
        },
        "node_modules/to-array": {
            "version": "0.1.4"
        },
        "node_modules/tunnel-agent": {
            "version": "0.6.0",
            "license": "Apache-2.0",
            "dependencies": {
                "safe-buffer": "^5.0.1"
            },
            "engines": {
                "node": "*"
            }
        },
        "node_modules/util-deprecate": {
            "version": "1.0.2",
            "license": "MIT"
        },
        "node_modules/wide-align": {
            "version": "1.1.5",
            "license": "ISC",
            "dependencies": {
                "string-width": "^1.0.2 || 2 || 3 || 4"
            }
        },
        "node_modules/wrappy": {
            "version": "1.0.2",
            "license": "ISC"
        },
        "node_modules/ws": {
            "version": "7.4.6",
            "license": "MIT",
            "engines": {
                "node": ">=8.3.0"
            },
            "peerDependencies": {
                "bufferutil": "^4.0.1",
                "utf-8-validate": "^5.0.2"
            },
            "peerDependenciesMeta": {
                "bufferutil": {
                    "optional": true
                },
                "utf-8-validate": {
                    "optional": true
                }
            }
        },
        "node_modules/xmlhttprequest-ssl": {
            "version": "1.6.3",
            "engines": {
                "node": ">=0.4.0"
            }
        },
        "node_modules/yeast": {
            "version": "0.1.2",
            "license": "MIT"
        }
    },
    "dependencies": {
        "@serialport/binding-abstract": {
            "version": "9.2.3",
            "requires": {
                "debug": "^4.3.2"
            }
        },
        "@serialport/binding-mock": {
            "version": "9.2.4",
            "requires": {
                "@serialport/binding-abstract": "9.2.3",
                "debug": "^4.3.2"
            }
        },
        "@serialport/bindings": {
            "version": "9.2.5",
            "requires": {
                "@serialport/binding-abstract": "9.2.3",
                "@serialport/parser-readline": "9.2.4",
                "bindings": "^1.5.0",
                "debug": "^4.3.2",
                "nan": "^2.15.0",
                "prebuild-install": "^6.1.4"
            }
        },
        "@serialport/parser-byte-length": {
            "version": "9.2.4"
        },
        "@serialport/parser-cctalk": {
            "version": "9.2.4"
        },
        "@serialport/parser-delimiter": {
            "version": "9.2.4"
        },
        "@serialport/parser-inter-byte-timeout": {
            "version": "9.2.4"
        },
        "@serialport/parser-readline": {
            "version": "9.2.4",
            "requires": {
                "@serialport/parser-delimiter": "9.2.4"
            }
        },
        "@serialport/parser-ready": {
            "version": "9.2.4"
        },
        "@serialport/parser-regex": {
            "version": "9.2.4"
        },
        "@serialport/stream": {
            "version": "9.2.4",
            "requires": {
                "debug": "^4.3.2"
            }
        },
        "accepts": {
            "version": "1.3.7",
            "requires": {
                "mime-types": "~2.1.24",
                "negotiator": "0.6.2"
            }
        },
        "after": {
            "version": "0.8.2"
        },
        "ansi-regex": {
            "version": "2.1.1"
        },
        "aproba": {
            "version": "1.2.0"
        },
        "are-we-there-yet": {
            "version": "1.1.7",
            "requires": {
                "delegates": "^1.0.0",
                "readable-stream": "^2.0.6"
            }
        },
        "arraybuffer.slice": {
            "version": "0.0.7"
        },
        "backo2": {
            "version": "1.0.2"
        },
        "base64-arraybuffer": {
            "version": "0.1.4"
        },
        "base64-js": {
            "version": "1.5.1"
        },
        "base64id": {
            "version": "2.0.0"
        },
        "bindings": {
            "version": "1.5.0",
            "requires": {
                "file-uri-to-path": "1.0.0"
            }
        },
        "bl": {
            "version": "4.1.0",
            "requires": {
                "buffer": "^5.5.0",
                "inherits": "^2.0.4",
                "readable-stream": "^3.4.0"
            },
            "dependencies": {
                "readable-stream": {
                    "version": "3.6.0",
                    "requires": {
                        "inherits": "^2.0.3",
                        "string_decoder": "^1.1.1",
                        "util-deprecate": "^1.0.1"
                    }
                }
            }
        },
        "blob": {
            "version": "0.0.5"
        },
        "buffer": {
            "version": "5.7.1",
            "requires": {
                "base64-js": "^1.3.1",
                "ieee754": "^1.1.13"
            }
        },
        "chownr": {
            "version": "1.1.4"
        },
        "code-point-at": {
            "version": "1.1.0"
        },
        "component-bind": {
            "version": "1.0.0"
        },
        "component-emitter": {
            "version": "1.3.0"
        },
        "component-inherit": {
            "version": "0.0.3"
        },
        "console-control-strings": {
            "version": "1.1.0"
        },
        "cookie": {
            "version": "0.4.1"
        },
        "core-util-is": {
            "version": "1.0.3"
        },
        "debug": {
            "version": "4.3.2",
            "requires": {
                "ms": "2.1.2"
            }
        },
        "decompress-response": {
            "version": "4.2.1",
            "requires": {
                "mimic-response": "^2.0.0"
            }
        },
        "deep-extend": {
            "version": "0.6.0"
        },
        "delegates": {
            "version": "1.0.0"
        },
        "detect-libc": {
            "version": "1.0.3"
        },
        "end-of-stream": {
            "version": "1.4.4",
            "requires": {
                "once": "^1.4.0"
            }
        },
        "engine.io": {
            "version": "3.5.0",
            "requires": {
                "accepts": "~1.3.4",
                "base64id": "2.0.0",
                "cookie": "~0.4.1",
                "debug": "~4.1.0",
                "engine.io-parser": "~2.2.0",
                "ws": "~7.4.2"
            },
            "dependencies": {
                "debug": {
                    "version": "4.1.1",
                    "requires": {
                        "ms": "^2.1.1"
                    }
                }
            }
        },
        "engine.io-client": {
            "version": "3.5.2",
            "requires": {
                "component-emitter": "~1.3.0",
                "component-inherit": "0.0.3",
                "debug": "~3.1.0",
                "engine.io-parser": "~2.2.0",
                "has-cors": "1.1.0",
                "indexof": "0.0.1",
                "parseqs": "0.0.6",
                "parseuri": "0.0.6",
                "ws": "~7.4.2",
                "xmlhttprequest-ssl": "~1.6.2",
                "yeast": "0.1.2"
            },
            "dependencies": {
                "debug": {
                    "version": "3.1.0",
                    "requires": {
                        "ms": "2.0.0"
                    }
                },
                "ms": {
                    "version": "2.0.0"
                }
            }
        },
        "engine.io-parser": {
            "version": "2.2.1",
            "requires": {
                "after": "0.8.2",
                "arraybuffer.slice": "~0.0.7",
                "base64-arraybuffer": "0.1.4",
                "blob": "0.0.5",
                "has-binary2": "~1.0.2"
            }
        },
        "expand-template": {
            "version": "2.0.3"
        },
        "file-uri-to-path": {
            "version": "1.0.0"
        },
        "fs-constants": {
            "version": "1.0.0"
        },
        "gauge": {
            "version": "2.7.4",
            "requires": {
                "aproba": "^1.0.3",
                "console-control-strings": "^1.0.0",
                "has-unicode": "^2.0.0",
                "object-assign": "^4.1.0",
                "signal-exit": "^3.0.0",
                "string-width": "^1.0.1",
                "strip-ansi": "^3.0.1",
                "wide-align": "^1.1.0"
            }
        },
        "github-from-package": {
            "version": "0.0.0"
        },
        "has-binary2": {
            "version": "1.0.3",
            "requires": {
                "isarray": "2.0.1"
            },
            "dependencies": {
                "isarray": {
                    "version": "2.0.1"
                }
            }
        },
        "has-cors": {
            "version": "1.1.0"
        },
        "has-unicode": {
            "version": "2.0.1"
        },
        "ieee754": {
            "version": "1.2.1"
        },
        "indexof": {
            "version": "0.0.1"
        },
        "inherits": {
            "version": "2.0.4"
        },
        "ini": {
            "version": "1.3.8"
        },
        "is-fullwidth-code-point": {
            "version": "1.0.0",
            "requires": {
                "number-is-nan": "^1.0.0"
            }
        },
        "isarray": {
            "version": "1.0.0"
        },
        "mime-db": {
            "version": "1.51.0"
        },
        "mime-types": {
            "version": "2.1.34",
            "requires": {
                "mime-db": "1.51.0"
            }
        },
        "mimic-response": {
            "version": "2.1.0"
        },
        "minimist": {
            "version": "1.2.5"
        },
        "mkdirp-classic": {
            "version": "0.5.3"
        },
        "ms": {
            "version": "2.1.2"
        },
        "nan": {
            "version": "2.15.0"
        },
        "napi-build-utils": {
            "version": "1.0.2"
        },
        "negotiator": {
            "version": "0.6.2"
        },
        "node-abi": {
            "version": "2.30.1",
            "requires": {
                "semver": "^5.4.1"
            }
        },
        "npmlog": {
            "version": "4.1.2",
            "requires": {
                "are-we-there-yet": "~1.1.2",
                "console-control-strings": "~1.1.0",
                "gauge": "~2.7.3",
                "set-blocking": "~2.0.0"
            }
        },
        "number-is-nan": {
            "version": "1.0.1"
        },
        "object-assign": {
            "version": "4.1.1"
        },
        "once": {
            "version": "1.4.0",
            "requires": {
                "wrappy": "1"
            }
        },
        "parseqs": {
            "version": "0.0.6"
        },
        "parseuri": {
            "version": "0.0.6"
        },
        "prebuild-install": {
            "version": "6.1.4",
            "requires": {
                "detect-libc": "^1.0.3",
                "expand-template": "^2.0.3",
                "github-from-package": "0.0.0",
                "minimist": "^1.2.3",
                "mkdirp-classic": "^0.5.3",
                "napi-build-utils": "^1.0.1",
                "node-abi": "^2.21.0",
                "npmlog": "^4.0.1",
                "pump": "^3.0.0",
                "rc": "^1.2.7",
                "simple-get": "^3.0.3",
                "tar-fs": "^2.0.0",
                "tunnel-agent": "^0.6.0"
            }
        },
        "process-nextick-args": {
            "version": "2.0.1"
        },
        "pump": {
            "version": "3.0.0",
            "requires": {
                "end-of-stream": "^1.1.0",
                "once": "^1.3.1"
            }
        },
        "rc": {
            "version": "1.2.8",
            "requires": {
                "deep-extend": "^0.6.0",
                "ini": "~1.3.0",
                "minimist": "^1.2.0",
                "strip-json-comments": "~2.0.1"
            }
        },
        "readable-stream": {
            "version": "2.3.7",
            "requires": {
                "core-util-is": "~1.0.0",
                "inherits": "~2.0.3",
                "isarray": "~1.0.0",
                "process-nextick-args": "~2.0.0",
                "safe-buffer": "~5.1.1",
                "string_decoder": "~1.1.1",
                "util-deprecate": "~1.0.1"
            }
        },
        "safe-buffer": {
            "version": "5.1.2"
        },
        "semver": {
            "version": "5.7.1"
        },
        "serialport": {
            "version": "9.2.5",
            "requires": {
                "@serialport/binding-mock": "9.2.4",
                "@serialport/bindings": "9.2.5",
                "@serialport/parser-byte-length": "9.2.4",
                "@serialport/parser-cctalk": "9.2.4",
                "@serialport/parser-delimiter": "9.2.4",
                "@serialport/parser-inter-byte-timeout": "9.2.4",
                "@serialport/parser-readline": "9.2.4",
                "@serialport/parser-ready": "9.2.4",
                "@serialport/parser-regex": "9.2.4",
                "@serialport/stream": "9.2.4",
                "debug": "^4.3.2"
            }
        },
        "set-blocking": {
            "version": "2.0.0"
        },
        "signal-exit": {
            "version": "3.0.5"
        },
        "simple-concat": {
            "version": "1.0.1"
        },
        "simple-get": {
            "version": "3.1.0",
            "requires": {
                "decompress-response": "^4.2.0",
                "once": "^1.3.1",
                "simple-concat": "^1.0.0"
            }
        },
        "socket.io": {
            "version": "2.4.1",
            "resolved": "https://registry.npmjs.org/socket.io/-/socket.io-2.4.1.tgz",
            "integrity": "sha512-Si18v0mMXGAqLqCVpTxBa8MGqriHGQh8ccEOhmsmNS3thNCGBwO8WGrwMibANsWtQQ5NStdZwHqZR3naJVFc3w==",
            "requires": {
                "debug": "~4.1.0",
                "engine.io": "~3.5.0",
                "has-binary2": "~1.0.2",
                "socket.io-adapter": "~1.1.0",
                "socket.io-client": "2.4.0",
                "socket.io-parser": "~3.4.0"
            },
            "dependencies": {
                "debug": {
                    "version": "4.1.1",
                    "requires": {
                        "ms": "^2.1.1"
                    }
                }
            }
        },
        "socket.io-adapter": {
            "version": "1.1.2"
        },
        "socket.io-client": {
            "version": "2.4.0",
            "requires": {
                "backo2": "1.0.2",
                "component-bind": "1.0.0",
                "component-emitter": "~1.3.0",
                "debug": "~3.1.0",
                "engine.io-client": "~3.5.0",
                "has-binary2": "~1.0.2",
                "indexof": "0.0.1",
                "parseqs": "0.0.6",
                "parseuri": "0.0.6",
                "socket.io-parser": "~3.3.0",
                "to-array": "0.1.4"
            },
            "dependencies": {
                "debug": {
                    "version": "3.1.0",
                    "requires": {
                        "ms": "2.0.0"
                    }
                },
                "isarray": {
                    "version": "2.0.1"
                },
                "ms": {
                    "version": "2.0.0"
                },
                "socket.io-parser": {
                    "version": "3.3.2",
                    "requires": {
                        "component-emitter": "~1.3.0",
                        "debug": "~3.1.0",
                        "isarray": "2.0.1"
                    }
                }
            }
        },
        "socket.io-parser": {
            "version": "3.4.1",
            "requires": {
                "component-emitter": "1.2.1",
                "debug": "~4.1.0",
                "isarray": "2.0.1"
            },
            "dependencies": {
                "component-emitter": {
                    "version": "1.2.1"
                },
                "debug": {
                    "version": "4.1.1",
                    "requires": {
                        "ms": "^2.1.1"
                    }
                },
                "isarray": {
                    "version": "2.0.1"
                }
            }
        },
        "string_decoder": {
            "version": "1.1.1",
            "requires": {
                "safe-buffer": "~5.1.0"
            }
        },
        "string-width": {
            "version": "1.0.2",
            "requires": {
                "code-point-at": "^1.0.0",
                "is-fullwidth-code-point": "^1.0.0",
                "strip-ansi": "^3.0.0"
            }
        },
        "strip-ansi": {
            "version": "3.0.1",
            "requires": {
                "ansi-regex": "^2.0.0"
            }
        },
        "strip-json-comments": {
            "version": "2.0.1"
        },
        "tar-fs": {
            "version": "2.1.1",
            "requires": {
                "chownr": "^1.1.1",
                "mkdirp-classic": "^0.5.2",
                "pump": "^3.0.0",
                "tar-stream": "^2.1.4"
            }
        },
        "tar-stream": {
            "version": "2.2.0",
            "requires": {
                "bl": "^4.0.3",
                "end-of-stream": "^1.4.1",
                "fs-constants": "^1.0.0",
                "inherits": "^2.0.3",
                "readable-stream": "^3.1.1"
            },
            "dependencies": {
                "readable-stream": {
                    "version": "3.6.0",
                    "requires": {
                        "inherits": "^2.0.3",
                        "string_decoder": "^1.1.1",
                        "util-deprecate": "^1.0.1"
                    }
                }
            }
        },
        "to-array": {
            "version": "0.1.4"
        },
        "tunnel-agent": {
            "version": "0.6.0",
            "requires": {
                "safe-buffer": "^5.0.1"
            }
        },
        "util-deprecate": {
            "version": "1.0.2"
        },
        "wide-align": {
            "version": "1.1.5",
            "requires": {
                "string-width": "^1.0.2 || 2 || 3 || 4"
            }
        },
        "wrappy": {
            "version": "1.0.2"
        },
        "ws": {
            "version": "7.4.6",
            "requires": {}
        },
        "xmlhttprequest-ssl": {
            "version": "1.6.3"
        },
        "yeast": {
            "version": "0.1.2"
        }
    }
}
